
Microsoft Visual Studio Solution File, Format Version 12.00
Project("{FAE04EC0-301F-11D3-BF4B-00C04F79EFBC}") = "DragonTools", "DragonTools.csproj", "{3BCD4880-2570-4800-98F3-475038FBC0AB}"
EndProject
Global
	GlobalSection(SolutionConfigurationPlatforms) = preSolution
		Debug|Any CPU = Debug|Any CPU
		Release|Any CPU = Release|Any CPU
	EndGlobalSection
	GlobalSection(ProjectConfigurationPlatforms) = postSolution
		{3BCD4880-2570-4800-98F3-475038FBC0AB}.Debug|Any CPU.ActiveCfg = Debug|Any CPU
		{3BCD4880-2570-4800-98F3-475038FBC0AB}.Debug|Any CPU.Build.0 = Debug|Any CPU
		{3BCD4880-2570-4800-98F3-475038FBC0AB}.Release|Any CPU.ActiveCfg = Release|Any CPU
		{3BCD4880-2570-4800-98F3-475038FBC0AB}.Release|Any CPU.Build.0 = Release|Any CPU
	EndGlobalSection
EndGlobal
